# This file is automatically @generated by Cargo.
# It is not intended for manual editing.
version = 3

[[package]]
name = "anyhow"
version = "1.0.72"
source = "registry+https://github.com/rust-lang/crates.io-index"
checksum = "3b13c32d80ecc7ab747b80c3784bce54ee8a7a0cc4fbda9bf4cda2cf6fe90854"

[[package]]
name = "bin-parser"
version = "0.1.0"
dependencies = [
 "anyhow",
 "datatbls",
]

[[package]]
name = "d2tools"
version = "0.1.0"

[[package]]
name = "datatbls"
version = "0.1.0"
dependencies = [
 "anyhow",
 "lazy_static",
 "ml",
]

[[package]]
name = "lazy_static"
version = "1.4.0"
source = "registry+https://github.com/rust-lang/crates.io-index"
checksum = "e2abad23fbc42b3700f2f279844dc832adb2b2eb069b2df918f455c4e18cc646"

[[package]]
name = "ml"
version = "0.1.0"
